
Microsoft Visual Studio Solution File, Format Version 12.00
# Visual Studio 15
VisualStudioVersion = 15.0.26430.16
MinimumVisualStudioVersion = 10.0.40219.1
Project("{FAE04EC0-301F-11D3-BF4B-00C04F79EFBC}") = "VSTSDemoApp", "VSTSDemoApp\VSTSDemoApp.csproj", "{E0A69D84-4367-43E9-B895-C8638BF833EF}"
EndProject
Project("{FAE04EC0-301F-11D3-BF4B-00C04F79EFBC}") = "VSTSDemoApp.Tests", "VSTSDemoApp.Tests\VSTSDemoApp.Tests.csproj", "{40733DFB-16D7-4AAB-A6A0-4188F8BA1828}"
EndProject
Global
	GlobalSection(SolutionConfigurationPlatforms) = preSolution
		Debug|Any CPU = Debug|Any CPU
		Release|Any CPU = Release|Any CPU
	EndGlobalSection
	GlobalSection(ProjectConfigurationPlatforms) = postSolution
		{E0A69D84-4367-43E9-B895-C8638BF833EF}.Debug|Any CPU.ActiveCfg = Debug|Any CPU
		{E0A69D84-4367-43E9-B895-C8638BF833EF}.Debug|Any CPU.Build.0 = Debug|Any CPU
		{E0A69D84-4367-43E9-B895-C8638BF833EF}.Release|Any CPU.ActiveCfg = Release|Any CPU
		{E0A69D84-4367-43E9-B895-C8638BF833EF}.Release|Any CPU.Build.0 = Release|Any CPU
		{40733DFB-16D7-4AAB-A6A0-4188F8BA1828}.Debug|Any CPU.ActiveCfg = Debug|Any CPU
		{40733DFB-16D7-4AAB-A6A0-4188F8BA1828}.Debug|Any CPU.Build.0 = Debug|Any CPU
		{40733DFB-16D7-4AAB-A6A0-4188F8BA1828}.Release|Any CPU.ActiveCfg = Release|Any CPU
		{40733DFB-16D7-4AAB-A6A0-4188F8BA1828}.Release|Any CPU.Build.0 = Release|Any CPU
	EndGlobalSection
	GlobalSection(SolutionProperties) = preSolution
		HideSolutionNode = FALSE
	EndGlobalSection
EndGlobal
